
Microsoft Visual Studio Solution File, Format Version 12.00
# Visual Studio 15
VisualStudioVersion = 15.0.28010.2048
MinimumVisualStudioVersion = 10.0.40219.1
Project("{FAE04EC0-301F-11D3-BF4B-00C04F79EFBC}") = "20181108Barbut", "20181108Barbut\20181108Barbut.csproj", "{95A24939-8B18-4040-B96C-A1C3E8639C76}"
EndProject
Global
	GlobalSection(SolutionConfigurationPlatforms) = preSolution
		Debug|Any CPU = Debug|Any CPU
		Release|Any CPU = Release|Any CPU
	EndGlobalSection
	GlobalSection(ProjectConfigurationPlatforms) = postSolution
		{95A24939-8B18-4040-B96C-A1C3E8639C76}.Debug|Any CPU.ActiveCfg = Debug|Any CPU
		{95A24939-8B18-4040-B96C-A1C3E8639C76}.Debug|Any CPU.Build.0 = Debug|Any CPU
		{95A24939-8B18-4040-B96C-A1C3E8639C76}.Release|Any CPU.ActiveCfg = Release|Any CPU
		{95A24939-8B18-4040-B96C-A1C3E8639C76}.Release|Any CPU.Build.0 = Release|Any CPU
	EndGlobalSection
	GlobalSection(SolutionProperties) = preSolution
		HideSolutionNode = FALSE
	EndGlobalSection
	GlobalSection(ExtensibilityGlobals) = postSolution
		SolutionGuid = {4D9CC2B3-FC82-4CB7-BED0-1FFA10C0FB74}
	EndGlobalSection
EndGlobal
